{
  "name": "uebersicht-cheatsheet-cl-kit",
  "version": "0.0.1",
  "lockfileVersion": 1,
  "requires": true,
  "dependencies": {
    "buffers": {
      "version": "0.1.1",
      "resolved": "https://registry.npmjs.org/buffers/-/buffers-0.1.1.tgz",
      "integrity": "sha1-skV5w77U1tOWru5tmorn9Ugqt7s="
    },
    "commander": {
      "version": "2.11.0",
      "resolved": "https://registry.npmjs.org/commander/-/commander-2.11.0.tgz",
      "integrity": "sha512-b0553uYA5YAEGgyYIGYROzKQ7X5RAqedkfjiZxwi0kL1g3bOaBNNZfYkzt/CL0umgD5wc9Jec2FbB98CjkMRvQ=="
    },
    "node-osascript": {
      "version": "2.0.0",
      "resolved": "https://registry.npmjs.org/node-osascript/-/node-osascript-2.0.0.tgz",
      "integrity": "sha1-JuIr/QZ9bnTRVFcNmFfvxgIAgMk=",
      "requires": {
        "buffers": "0.1.1"
      }
    }
  }
}
